
Microsoft Visual Studio Solution File, Format Version 12.00
# Visual Studio Version 17
VisualStudioVersion = 17.11.35303.130
MinimumVisualStudioVersion = 10.0.40219.1
Project("{FAE04EC0-301F-11D3-BF4B-00C04F79EFBC}") = "HomeAutomationTest", "HomeAutomationTest\HomeAutomationTest.csproj", "{2295674E-6B0F-434C-B40E-B3B21204B7D4}"
EndProject
Global
	GlobalSection(SolutionConfigurationPlatforms) = preSolution
		Debug|Any CPU = Debug|Any CPU
		Release|Any CPU = Release|Any CPU
	EndGlobalSection
	GlobalSection(ProjectConfigurationPlatforms) = postSolution
		{2295674E-6B0F-434C-B40E-B3B21204B7D4}.Debug|Any CPU.ActiveCfg = Debug|Any CPU
		{2295674E-6B0F-434C-B40E-B3B21204B7D4}.Debug|Any CPU.Build.0 = Debug|Any CPU
		{2295674E-6B0F-434C-B40E-B3B21204B7D4}.Release|Any CPU.ActiveCfg = Release|Any CPU
		{2295674E-6B0F-434C-B40E-B3B21204B7D4}.Release|Any CPU.Build.0 = Release|Any CPU
	EndGlobalSection
	GlobalSection(SolutionProperties) = preSolution
		HideSolutionNode = FALSE
	EndGlobalSection
	GlobalSection(ExtensibilityGlobals) = postSolution
		SolutionGuid = {8F618B0C-5C27-472C-934D-DD345577EE25}
	EndGlobalSection
EndGlobal
