
Microsoft Visual Studio Solution File, Format Version 12.00
# Visual Studio Version 17
VisualStudioVersion = 17.9.34728.123
MinimumVisualStudioVersion = 10.0.40219.1
Project("{FAE04EC0-301F-11D3-BF4B-00C04F79EFBC}") = "TextEditor", "TextEditor\TextEditor.csproj", "{B3BFFDC0-2649-4D19-AB15-3A4A9DA99CFD}"
EndProject
Global
	GlobalSection(SolutionConfigurationPlatforms) = preSolution
		Debug|Any CPU = Debug|Any CPU
		Release|Any CPU = Release|Any CPU
	EndGlobalSection
	GlobalSection(ProjectConfigurationPlatforms) = postSolution
		{B3BFFDC0-2649-4D19-AB15-3A4A9DA99CFD}.Debug|Any CPU.ActiveCfg = Debug|Any CPU
		{B3BFFDC0-2649-4D19-AB15-3A4A9DA99CFD}.Debug|Any CPU.Build.0 = Debug|Any CPU
		{B3BFFDC0-2649-4D19-AB15-3A4A9DA99CFD}.Release|Any CPU.ActiveCfg = Release|Any CPU
		{B3BFFDC0-2649-4D19-AB15-3A4A9DA99CFD}.Release|Any CPU.Build.0 = Release|Any CPU
	EndGlobalSection
	GlobalSection(SolutionProperties) = preSolution
		HideSolutionNode = FALSE
	EndGlobalSection
	GlobalSection(ExtensibilityGlobals) = postSolution
		SolutionGuid = {5946D6DA-C024-4A8C-8C2F-4AEABB901C44}
	EndGlobalSection
EndGlobal
