
Microsoft Visual Studio Solution File, Format Version 12.00
Project("{FAE04EC0-301F-11D3-BF4B-00C04F79EFBC}") = "BankApp", "BankApp\BankApp.csproj", "{553F914C-1F3A-4CBB-8792-C422BC4DA7AA}"
EndProject
Global
	GlobalSection(SolutionConfigurationPlatforms) = preSolution
		Debug|Any CPU = Debug|Any CPU
		Release|Any CPU = Release|Any CPU
	EndGlobalSection
	GlobalSection(ProjectConfigurationPlatforms) = postSolution
		{553F914C-1F3A-4CBB-8792-C422BC4DA7AA}.Debug|Any CPU.ActiveCfg = Debug|Any CPU
		{553F914C-1F3A-4CBB-8792-C422BC4DA7AA}.Debug|Any CPU.Build.0 = Debug|Any CPU
		{553F914C-1F3A-4CBB-8792-C422BC4DA7AA}.Release|Any CPU.ActiveCfg = Release|Any CPU
		{553F914C-1F3A-4CBB-8792-C422BC4DA7AA}.Release|Any CPU.Build.0 = Release|Any CPU
	EndGlobalSection
EndGlobal
