
Microsoft Visual Studio Solution File, Format Version 12.00
# Visual Studio Version 17
VisualStudioVersion = 17.11.35303.130
MinimumVisualStudioVersion = 10.0.40219.1
Project("{FAE04EC0-301F-11D3-BF4B-00C04F79EFBC}") = "HomeAutomation", "HomeAutomation\HomeAutomation.csproj", "{1CD345AB-5143-46E5-96B9-5BC7A8CB645B}"
EndProject
Global
	GlobalSection(SolutionConfigurationPlatforms) = preSolution
		Debug|Any CPU = Debug|Any CPU
		Release|Any CPU = Release|Any CPU
	EndGlobalSection
	GlobalSection(ProjectConfigurationPlatforms) = postSolution
		{1CD345AB-5143-46E5-96B9-5BC7A8CB645B}.Debug|Any CPU.ActiveCfg = Debug|Any CPU
		{1CD345AB-5143-46E5-96B9-5BC7A8CB645B}.Debug|Any CPU.Build.0 = Debug|Any CPU
		{1CD345AB-5143-46E5-96B9-5BC7A8CB645B}.Release|Any CPU.ActiveCfg = Release|Any CPU
		{1CD345AB-5143-46E5-96B9-5BC7A8CB645B}.Release|Any CPU.Build.0 = Release|Any CPU
	EndGlobalSection
	GlobalSection(SolutionProperties) = preSolution
		HideSolutionNode = FALSE
	EndGlobalSection
	GlobalSection(ExtensibilityGlobals) = postSolution
		SolutionGuid = {2FCD7E3F-9996-4E01-A2BB-994B793230E3}
	EndGlobalSection
EndGlobal
