
Microsoft Visual Studio Solution File, Format Version 12.00
# Visual Studio Version 17
VisualStudioVersion = 17.13.35828.75
MinimumVisualStudioVersion = 10.0.40219.1
Project("{FAE04EC0-301F-11D3-BF4B-00C04F79EFBC}") = "HomeAutomation", "HomeAutomation.csproj", "{680B583E-24DD-4BE4-8AAA-EC2B81A7278E}"
EndProject
Project("{FAE04EC0-301F-11D3-BF4B-00C04F79EFBC}") = "HomeAutomation_Test", "..\UnitTestProject1\HomeAutomation_Test.csproj", "{D42CCCD9-8098-4DF6-94CE-7E33A28C0DEC}"
	ProjectSection(ProjectDependencies) = postProject
		{680B583E-24DD-4BE4-8AAA-EC2B81A7278E} = {680B583E-24DD-4BE4-8AAA-EC2B81A7278E}
	EndProjectSection
EndProject
Global
	GlobalSection(SolutionConfigurationPlatforms) = preSolution
		Debug|Any CPU = Debug|Any CPU
		Release|Any CPU = Release|Any CPU
	EndGlobalSection
	GlobalSection(ProjectConfigurationPlatforms) = postSolution
		{680B583E-24DD-4BE4-8AAA-EC2B81A7278E}.Debug|Any CPU.ActiveCfg = Debug|Any CPU
		{680B583E-24DD-4BE4-8AAA-EC2B81A7278E}.Debug|Any CPU.Build.0 = Debug|Any CPU
		{680B583E-24DD-4BE4-8AAA-EC2B81A7278E}.Release|Any CPU.ActiveCfg = Release|Any CPU
		{680B583E-24DD-4BE4-8AAA-EC2B81A7278E}.Release|Any CPU.Build.0 = Release|Any CPU
		{D42CCCD9-8098-4DF6-94CE-7E33A28C0DEC}.Debug|Any CPU.ActiveCfg = Debug|Any CPU
		{D42CCCD9-8098-4DF6-94CE-7E33A28C0DEC}.Debug|Any CPU.Build.0 = Debug|Any CPU
		{D42CCCD9-8098-4DF6-94CE-7E33A28C0DEC}.Release|Any CPU.ActiveCfg = Release|Any CPU
		{D42CCCD9-8098-4DF6-94CE-7E33A28C0DEC}.Release|Any CPU.Build.0 = Release|Any CPU
	EndGlobalSection
	GlobalSection(SolutionProperties) = preSolution
		HideSolutionNode = FALSE
	EndGlobalSection
	GlobalSection(ExtensibilityGlobals) = postSolution
		SolutionGuid = {D4EE1B59-109E-4FB9-BA95-AA7B9EAB6D53}
	EndGlobalSection
EndGlobal
