
Microsoft Visual Studio Solution File, Format Version 12.00
# Visual Studio Version 17
VisualStudioVersion = 17.6.33712.159
MinimumVisualStudioVersion = 10.0.40219.1
Project("{FAE04EC0-301F-11D3-BF4B-00C04F79EFBC}") = "HomeAutomation", "HomeAutomation.csproj", "{F1CE5C99-FF27-42B8-A4D3-D1A005A060F5}"
EndProject
Project("{FAE04EC0-301F-11D3-BF4B-00C04F79EFBC}") = "HomeAutomationTest", "..\HomeAutomationTest\HomeAutomationTest.csproj", "{AD0EF68E-064C-49D9-AA5E-40C38F7CD4B6}"
EndProject
Global
	GlobalSection(SolutionConfigurationPlatforms) = preSolution
		Debug|Any CPU = Debug|Any CPU
		Release|Any CPU = Release|Any CPU
	EndGlobalSection
	GlobalSection(ProjectConfigurationPlatforms) = postSolution
		{F1CE5C99-FF27-42B8-A4D3-D1A005A060F5}.Debug|Any CPU.ActiveCfg = Debug|Any CPU
		{F1CE5C99-FF27-42B8-A4D3-D1A005A060F5}.Debug|Any CPU.Build.0 = Debug|Any CPU
		{F1CE5C99-FF27-42B8-A4D3-D1A005A060F5}.Release|Any CPU.ActiveCfg = Release|Any CPU
		{F1CE5C99-FF27-42B8-A4D3-D1A005A060F5}.Release|Any CPU.Build.0 = Release|Any CPU
		{AD0EF68E-064C-49D9-AA5E-40C38F7CD4B6}.Debug|Any CPU.ActiveCfg = Debug|Any CPU
		{AD0EF68E-064C-49D9-AA5E-40C38F7CD4B6}.Debug|Any CPU.Build.0 = Debug|Any CPU
		{AD0EF68E-064C-49D9-AA5E-40C38F7CD4B6}.Release|Any CPU.ActiveCfg = Release|Any CPU
		{AD0EF68E-064C-49D9-AA5E-40C38F7CD4B6}.Release|Any CPU.Build.0 = Release|Any CPU
	EndGlobalSection
	GlobalSection(SolutionProperties) = preSolution
		HideSolutionNode = FALSE
	EndGlobalSection
	GlobalSection(ExtensibilityGlobals) = postSolution
		SolutionGuid = {CD7D5FA8-2390-4E6E-87F3-77C7B181DBBB}
	EndGlobalSection
EndGlobal
