
Microsoft Visual Studio Solution File, Format Version 12.00
# Visual Studio Version 17
VisualStudioVersion = 17.10.35122.118
MinimumVisualStudioVersion = 10.0.40219.1
Project("{FAE04EC0-301F-11D3-BF4B-00C04F79EFBC}") = "TextEditorProject", "TextEditorProject\TextEditorProject.csproj", "{BD90A049-740A-401D-A7C8-B2D70719F724}"
EndProject
Global
	GlobalSection(SolutionConfigurationPlatforms) = preSolution
		Debug|Any CPU = Debug|Any CPU
		Release|Any CPU = Release|Any CPU
	EndGlobalSection
	GlobalSection(ProjectConfigurationPlatforms) = postSolution
		{BD90A049-740A-401D-A7C8-B2D70719F724}.Debug|Any CPU.ActiveCfg = Debug|Any CPU
		{BD90A049-740A-401D-A7C8-B2D70719F724}.Debug|Any CPU.Build.0 = Debug|Any CPU
		{BD90A049-740A-401D-A7C8-B2D70719F724}.Release|Any CPU.ActiveCfg = Release|Any CPU
		{BD90A049-740A-401D-A7C8-B2D70719F724}.Release|Any CPU.Build.0 = Release|Any CPU
	EndGlobalSection
	GlobalSection(SolutionProperties) = preSolution
		HideSolutionNode = FALSE
	EndGlobalSection
	GlobalSection(ExtensibilityGlobals) = postSolution
		SolutionGuid = {84D85013-B4D3-40B2-9708-9DA77BF7F4DD}
	EndGlobalSection
EndGlobal
