
Microsoft Visual Studio Solution File, Format Version 12.00
# Visual Studio Version 17
VisualStudioVersion = 17.9.34714.143
MinimumVisualStudioVersion = 10.0.40219.1
Project("{FAE04EC0-301F-11D3-BF4B-00C04F79EFBC}") = "FindWeather", "FindWeather\FindWeather.csproj", "{4138C70F-414D-4661-B097-98DD7B0417B9}"
EndProject
Global
	GlobalSection(SolutionConfigurationPlatforms) = preSolution
		Debug|Any CPU = Debug|Any CPU
		Release|Any CPU = Release|Any CPU
	EndGlobalSection
	GlobalSection(ProjectConfigurationPlatforms) = postSolution
		{4138C70F-414D-4661-B097-98DD7B0417B9}.Debug|Any CPU.ActiveCfg = Debug|Any CPU
		{4138C70F-414D-4661-B097-98DD7B0417B9}.Debug|Any CPU.Build.0 = Debug|Any CPU
		{4138C70F-414D-4661-B097-98DD7B0417B9}.Release|Any CPU.ActiveCfg = Release|Any CPU
		{4138C70F-414D-4661-B097-98DD7B0417B9}.Release|Any CPU.Build.0 = Release|Any CPU
	EndGlobalSection
	GlobalSection(SolutionProperties) = preSolution
		HideSolutionNode = FALSE
	EndGlobalSection
	GlobalSection(ExtensibilityGlobals) = postSolution
		SolutionGuid = {B4681EA2-180B-4174-B99E-4BEAF09A31D8}
	EndGlobalSection
EndGlobal
