
Microsoft Visual Studio Solution File, Format Version 12.00
# Visual Studio Version 17
VisualStudioVersion = 17.11.35327.3
MinimumVisualStudioVersion = 10.0.40219.1
Project("{FAE04EC0-301F-11D3-BF4B-00C04F79EFBC}") = "Lab_7_SoGossip", "Lab_7_SoGossip\Lab_7_SoGossip.csproj", "{B108E3C3-7949-43D0-8363-9B555B2BDE0E}"
EndProject
Global
	GlobalSection(SolutionConfigurationPlatforms) = preSolution
		Debug|Any CPU = Debug|Any CPU
		Release|Any CPU = Release|Any CPU
	EndGlobalSection
	GlobalSection(ProjectConfigurationPlatforms) = postSolution
		{B108E3C3-7949-43D0-8363-9B555B2BDE0E}.Debug|Any CPU.ActiveCfg = Debug|Any CPU
		{B108E3C3-7949-43D0-8363-9B555B2BDE0E}.Debug|Any CPU.Build.0 = Debug|Any CPU
		{B108E3C3-7949-43D0-8363-9B555B2BDE0E}.Release|Any CPU.ActiveCfg = Release|Any CPU
		{B108E3C3-7949-43D0-8363-9B555B2BDE0E}.Release|Any CPU.Build.0 = Release|Any CPU
	EndGlobalSection
	GlobalSection(SolutionProperties) = preSolution
		HideSolutionNode = FALSE
	EndGlobalSection
	GlobalSection(ExtensibilityGlobals) = postSolution
		SolutionGuid = {CD1E6E97-A4C2-481D-8037-6A140545F25F}
	EndGlobalSection
EndGlobal
