
Microsoft Visual Studio Solution File, Format Version 12.00
# Visual Studio Version 17
VisualStudioVersion = 17.13.35828.75 d17.13
MinimumVisualStudioVersion = 10.0.40219.1
Project("{FAE04EC0-301F-11D3-BF4B-00C04F79EFBC}") = "Lab-12_Memento", "Lab-12_Memento.csproj", "{E13809B0-1355-48CA-B5F0-7EC091E6EF81}"
EndProject
Project("{FAE04EC0-301F-11D3-BF4B-00C04F79EFBC}") = "Lab-12_Memento_Test", "..\Lab-12_Memento_Test\Lab-12_Memento_Test.csproj", "{AE1B1938-41DB-451D-9775-6FD6928CFD86}"
EndProject
Global
	GlobalSection(SolutionConfigurationPlatforms) = preSolution
		Debug|Any CPU = Debug|Any CPU
		Release|Any CPU = Release|Any CPU
	EndGlobalSection
	GlobalSection(ProjectConfigurationPlatforms) = postSolution
		{E13809B0-1355-48CA-B5F0-7EC091E6EF81}.Debug|Any CPU.ActiveCfg = Debug|Any CPU
		{E13809B0-1355-48CA-B5F0-7EC091E6EF81}.Debug|Any CPU.Build.0 = Debug|Any CPU
		{E13809B0-1355-48CA-B5F0-7EC091E6EF81}.Release|Any CPU.ActiveCfg = Release|Any CPU
		{E13809B0-1355-48CA-B5F0-7EC091E6EF81}.Release|Any CPU.Build.0 = Release|Any CPU
		{AE1B1938-41DB-451D-9775-6FD6928CFD86}.Debug|Any CPU.ActiveCfg = Debug|Any CPU
		{AE1B1938-41DB-451D-9775-6FD6928CFD86}.Debug|Any CPU.Build.0 = Debug|Any CPU
		{AE1B1938-41DB-451D-9775-6FD6928CFD86}.Release|Any CPU.ActiveCfg = Release|Any CPU
		{AE1B1938-41DB-451D-9775-6FD6928CFD86}.Release|Any CPU.Build.0 = Release|Any CPU
	EndGlobalSection
	GlobalSection(SolutionProperties) = preSolution
		HideSolutionNode = FALSE
	EndGlobalSection
	GlobalSection(ExtensibilityGlobals) = postSolution
		SolutionGuid = {84BB01DA-91D1-4134-ADD4-412F97D2E38F}
	EndGlobalSection
EndGlobal
