
Microsoft Visual Studio Solution File, Format Version 12.00
# Visual Studio Version 17
VisualStudioVersion = 17.11.35303.130
MinimumVisualStudioVersion = 10.0.40219.1
Project("{FAE04EC0-301F-11D3-BF4B-00C04F79EFBC}") = "Lab5_Bundlers", "Lab5_Bundlers\Lab5_Bundlers.csproj", "{7A7818D0-3CE4-4B55-994A-5FD7590AE58A}"
EndProject
Global
	GlobalSection(SolutionConfigurationPlatforms) = preSolution
		Debug|Any CPU = Debug|Any CPU
		Release|Any CPU = Release|Any CPU
	EndGlobalSection
	GlobalSection(ProjectConfigurationPlatforms) = postSolution
		{7A7818D0-3CE4-4B55-994A-5FD7590AE58A}.Debug|Any CPU.ActiveCfg = Debug|Any CPU
		{7A7818D0-3CE4-4B55-994A-5FD7590AE58A}.Debug|Any CPU.Build.0 = Debug|Any CPU
		{7A7818D0-3CE4-4B55-994A-5FD7590AE58A}.Release|Any CPU.ActiveCfg = Release|Any CPU
		{7A7818D0-3CE4-4B55-994A-5FD7590AE58A}.Release|Any CPU.Build.0 = Release|Any CPU
	EndGlobalSection
	GlobalSection(SolutionProperties) = preSolution
		HideSolutionNode = FALSE
	EndGlobalSection
	GlobalSection(ExtensibilityGlobals) = postSolution
		SolutionGuid = {C994B43E-1BB9-4808-AF07-8B41B768E5CC}
	EndGlobalSection
EndGlobal
