
Microsoft Visual Studio Solution File, Format Version 12.00
Project("{FAE04EC0-301F-11D3-BF4B-00C04F79EFBC}") = "TaskManager", "TaskManager\TaskManager.csproj", "{65523B1A-EEBE-4F04-9B79-67CD0F18527B}"
EndProject
Project("{FAE04EC0-301F-11D3-BF4B-00C04F79EFBC}") = "TaskManager.Test", "TaskManager.Test\TaskManager.Test.csproj", "{434F60DA-A44F-4A95-9F02-D1716238923D}"
EndProject
Global
	GlobalSection(SolutionConfigurationPlatforms) = preSolution
		Debug|Any CPU = Debug|Any CPU
		Release|Any CPU = Release|Any CPU
	EndGlobalSection
	GlobalSection(ProjectConfigurationPlatforms) = postSolution
		{65523B1A-EEBE-4F04-9B79-67CD0F18527B}.Debug|Any CPU.ActiveCfg = Debug|Any CPU
		{65523B1A-EEBE-4F04-9B79-67CD0F18527B}.Debug|Any CPU.Build.0 = Debug|Any CPU
		{65523B1A-EEBE-4F04-9B79-67CD0F18527B}.Release|Any CPU.ActiveCfg = Release|Any CPU
		{65523B1A-EEBE-4F04-9B79-67CD0F18527B}.Release|Any CPU.Build.0 = Release|Any CPU
		{434F60DA-A44F-4A95-9F02-D1716238923D}.Debug|Any CPU.ActiveCfg = Debug|Any CPU
		{434F60DA-A44F-4A95-9F02-D1716238923D}.Debug|Any CPU.Build.0 = Debug|Any CPU
		{434F60DA-A44F-4A95-9F02-D1716238923D}.Release|Any CPU.ActiveCfg = Release|Any CPU
		{434F60DA-A44F-4A95-9F02-D1716238923D}.Release|Any CPU.Build.0 = Release|Any CPU
	EndGlobalSection
EndGlobal
