
Microsoft Visual Studio Solution File, Format Version 12.00
Project("{FAE04EC0-301F-11D3-BF4B-00C04F79EFBC}") = "TaskManagerTest", "TaskManagerTest\TaskManagerTest.csproj", "{1A3E1EB4-696B-43E1-BADE-28160E209927}"
EndProject
Project("{FAE04EC0-301F-11D3-BF4B-00C04F79EFBC}") = "TaskManager", "TaskManager\TaskManager.csproj", "{65523B1A-EEBE-4F04-9B79-67CD0F18527B}"
EndProject
Global
	GlobalSection(SolutionConfigurationPlatforms) = preSolution
		Debug|Any CPU = Debug|Any CPU
		Release|Any CPU = Release|Any CPU
	EndGlobalSection
	GlobalSection(ProjectConfigurationPlatforms) = postSolution
		{1A3E1EB4-696B-43E1-BADE-28160E209927}.Debug|Any CPU.ActiveCfg = Debug|Any CPU
		{1A3E1EB4-696B-43E1-BADE-28160E209927}.Debug|Any CPU.Build.0 = Debug|Any CPU
		{1A3E1EB4-696B-43E1-BADE-28160E209927}.Release|Any CPU.ActiveCfg = Release|Any CPU
		{1A3E1EB4-696B-43E1-BADE-28160E209927}.Release|Any CPU.Build.0 = Release|Any CPU
		{65523B1A-EEBE-4F04-9B79-67CD0F18527B}.Debug|Any CPU.ActiveCfg = Debug|Any CPU
		{65523B1A-EEBE-4F04-9B79-67CD0F18527B}.Debug|Any CPU.Build.0 = Debug|Any CPU
		{65523B1A-EEBE-4F04-9B79-67CD0F18527B}.Release|Any CPU.ActiveCfg = Release|Any CPU
		{65523B1A-EEBE-4F04-9B79-67CD0F18527B}.Release|Any CPU.Build.0 = Release|Any CPU
	EndGlobalSection
EndGlobal
