
Microsoft Visual Studio Solution File, Format Version 12.00
Project("{FAE04EC0-301F-11D3-BF4B-00C04F79EFBC}") = "TaskManager", "TaskManager\TaskManager.csproj", "{3EA7E234-B27C-415C-A62C-2F0156D0C37B}"
EndProject
Project("{FAE04EC0-301F-11D3-BF4B-00C04F79EFBC}") = "TaskManagerTest", "TaskManagerTest\TaskManagerTest.csproj", "{EA03ABF9-2626-41BC-A140-FFD953C86FDA}"
EndProject
Global
	GlobalSection(SolutionConfigurationPlatforms) = preSolution
		Debug|Any CPU = Debug|Any CPU
		Release|Any CPU = Release|Any CPU
	EndGlobalSection
	GlobalSection(ProjectConfigurationPlatforms) = postSolution
		{3EA7E234-B27C-415C-A62C-2F0156D0C37B}.Debug|Any CPU.ActiveCfg = Debug|Any CPU
		{3EA7E234-B27C-415C-A62C-2F0156D0C37B}.Debug|Any CPU.Build.0 = Debug|Any CPU
		{3EA7E234-B27C-415C-A62C-2F0156D0C37B}.Release|Any CPU.ActiveCfg = Release|Any CPU
		{3EA7E234-B27C-415C-A62C-2F0156D0C37B}.Release|Any CPU.Build.0 = Release|Any CPU
		{EA03ABF9-2626-41BC-A140-FFD953C86FDA}.Debug|Any CPU.ActiveCfg = Debug|Any CPU
		{EA03ABF9-2626-41BC-A140-FFD953C86FDA}.Debug|Any CPU.Build.0 = Debug|Any CPU
		{EA03ABF9-2626-41BC-A140-FFD953C86FDA}.Release|Any CPU.ActiveCfg = Release|Any CPU
		{EA03ABF9-2626-41BC-A140-FFD953C86FDA}.Release|Any CPU.Build.0 = Release|Any CPU
	EndGlobalSection
EndGlobal
