
Microsoft Visual Studio Solution File, Format Version 12.00
Project("{FAE04EC0-301F-11D3-BF4B-00C04F79EFBC}") = "TextEditor", "TextEditor\TextEditor.csproj", "{2035AEC8-B121-4BA9-AF5A-3235CB063265}"
EndProject
Project("{FAE04EC0-301F-11D3-BF4B-00C04F79EFBC}") = "TestEditorTest", "TestEditorTest\TestEditorTest.csproj", "{9CC48638-9186-4C96-B149-A3388303AC78}"
EndProject
Project("{FAE04EC0-301F-11D3-BF4B-00C04F79EFBC}") = "TextEditorTest", "TextEditorTest\TextEditorTest.csproj", "{80FF1F12-4965-419D-AF7B-6BF2145FEE77}"
EndProject
Global
	GlobalSection(SolutionConfigurationPlatforms) = preSolution
		Debug|Any CPU = Debug|Any CPU
		Release|Any CPU = Release|Any CPU
	EndGlobalSection
	GlobalSection(ProjectConfigurationPlatforms) = postSolution
		{2035AEC8-B121-4BA9-AF5A-3235CB063265}.Debug|Any CPU.ActiveCfg = Debug|Any CPU
		{2035AEC8-B121-4BA9-AF5A-3235CB063265}.Debug|Any CPU.Build.0 = Debug|Any CPU
		{2035AEC8-B121-4BA9-AF5A-3235CB063265}.Release|Any CPU.ActiveCfg = Release|Any CPU
		{2035AEC8-B121-4BA9-AF5A-3235CB063265}.Release|Any CPU.Build.0 = Release|Any CPU
		{9CC48638-9186-4C96-B149-A3388303AC78}.Debug|Any CPU.ActiveCfg = Debug|Any CPU
		{9CC48638-9186-4C96-B149-A3388303AC78}.Debug|Any CPU.Build.0 = Debug|Any CPU
		{9CC48638-9186-4C96-B149-A3388303AC78}.Release|Any CPU.ActiveCfg = Release|Any CPU
		{9CC48638-9186-4C96-B149-A3388303AC78}.Release|Any CPU.Build.0 = Release|Any CPU
		{80FF1F12-4965-419D-AF7B-6BF2145FEE77}.Debug|Any CPU.ActiveCfg = Debug|Any CPU
		{80FF1F12-4965-419D-AF7B-6BF2145FEE77}.Debug|Any CPU.Build.0 = Debug|Any CPU
		{80FF1F12-4965-419D-AF7B-6BF2145FEE77}.Release|Any CPU.ActiveCfg = Release|Any CPU
		{80FF1F12-4965-419D-AF7B-6BF2145FEE77}.Release|Any CPU.Build.0 = Release|Any CPU
	EndGlobalSection
EndGlobal
