
Microsoft Visual Studio Solution File, Format Version 12.00
# Visual Studio Version 17
VisualStudioVersion = 17.10.35122.118
MinimumVisualStudioVersion = 10.0.40219.1
Project("{FAE04EC0-301F-11D3-BF4B-00C04F79EFBC}") = "TaskManager_210042112", "TaskManager_210042112\TaskManager_210042112.csproj", "{2565AAC5-C580-49FB-8B24-8974AFFD47D4}"
EndProject
Project("{FAE04EC0-301F-11D3-BF4B-00C04F79EFBC}") = "TaskManagerTests", "TaskManagerTests\TaskManagerTests.csproj", "{7F62E263-C0C4-4C65-BBCA-09BADC44D29A}"
EndProject
Global
	GlobalSection(SolutionConfigurationPlatforms) = preSolution
		Debug|Any CPU = Debug|Any CPU
		Release|Any CPU = Release|Any CPU
	EndGlobalSection
	GlobalSection(ProjectConfigurationPlatforms) = postSolution
		{2565AAC5-C580-49FB-8B24-8974AFFD47D4}.Debug|Any CPU.ActiveCfg = Debug|Any CPU
		{2565AAC5-C580-49FB-8B24-8974AFFD47D4}.Debug|Any CPU.Build.0 = Debug|Any CPU
		{2565AAC5-C580-49FB-8B24-8974AFFD47D4}.Release|Any CPU.ActiveCfg = Release|Any CPU
		{2565AAC5-C580-49FB-8B24-8974AFFD47D4}.Release|Any CPU.Build.0 = Release|Any CPU
		{7F62E263-C0C4-4C65-BBCA-09BADC44D29A}.Debug|Any CPU.ActiveCfg = Debug|Any CPU
		{7F62E263-C0C4-4C65-BBCA-09BADC44D29A}.Debug|Any CPU.Build.0 = Debug|Any CPU
		{7F62E263-C0C4-4C65-BBCA-09BADC44D29A}.Release|Any CPU.ActiveCfg = Release|Any CPU
		{7F62E263-C0C4-4C65-BBCA-09BADC44D29A}.Release|Any CPU.Build.0 = Release|Any CPU
	EndGlobalSection
	GlobalSection(SolutionProperties) = preSolution
		HideSolutionNode = FALSE
	EndGlobalSection
	GlobalSection(ExtensibilityGlobals) = postSolution
		SolutionGuid = {CEA799CE-972F-41E1-BDA6-F0598A1BFF9B}
	EndGlobalSection
EndGlobal
