
Microsoft Visual Studio Solution File, Format Version 12.00
Project("{FAE04EC0-301F-11D3-BF4B-00C04F79EFBC}") = "TaskManager", "TaskManager\TaskManager.csproj", "{CD744F1D-098F-4E2E-9A96-AE634C8E99BE}"
EndProject
Project("{FAE04EC0-301F-11D3-BF4B-00C04F79EFBC}") = "TaskManagerTest", "TaskManagerTest\TaskManagerTest.csproj", "{1380A8D3-CF0E-4468-873D-BEB486D4905C}"
EndProject
Global
	GlobalSection(SolutionConfigurationPlatforms) = preSolution
		Debug|Any CPU = Debug|Any CPU
		Release|Any CPU = Release|Any CPU
	EndGlobalSection
	GlobalSection(ProjectConfigurationPlatforms) = postSolution
		{CD744F1D-098F-4E2E-9A96-AE634C8E99BE}.Debug|Any CPU.ActiveCfg = Debug|Any CPU
		{CD744F1D-098F-4E2E-9A96-AE634C8E99BE}.Debug|Any CPU.Build.0 = Debug|Any CPU
		{CD744F1D-098F-4E2E-9A96-AE634C8E99BE}.Release|Any CPU.ActiveCfg = Release|Any CPU
		{CD744F1D-098F-4E2E-9A96-AE634C8E99BE}.Release|Any CPU.Build.0 = Release|Any CPU
		{1380A8D3-CF0E-4468-873D-BEB486D4905C}.Debug|Any CPU.ActiveCfg = Debug|Any CPU
		{1380A8D3-CF0E-4468-873D-BEB486D4905C}.Debug|Any CPU.Build.0 = Debug|Any CPU
		{1380A8D3-CF0E-4468-873D-BEB486D4905C}.Release|Any CPU.ActiveCfg = Release|Any CPU
		{1380A8D3-CF0E-4468-873D-BEB486D4905C}.Release|Any CPU.Build.0 = Release|Any CPU
	EndGlobalSection
EndGlobal
