
Microsoft Visual Studio Solution File, Format Version 12.00
# Visual Studio Version 17
VisualStudioVersion = 17.13.35825.156 d17.13
MinimumVisualStudioVersion = 10.0.40219.1
Project("{FAE04EC0-301F-11D3-BF4B-00C04F79EFBC}") = "TaskManager", "TaskManager.csproj", "{6A89166C-8B27-4AA3-9604-AD44CBA1DBAE}"
EndProject
Global
	GlobalSection(SolutionConfigurationPlatforms) = preSolution
		Debug|Any CPU = Debug|Any CPU
		Release|Any CPU = Release|Any CPU
	EndGlobalSection
	GlobalSection(ProjectConfigurationPlatforms) = postSolution
		{6A89166C-8B27-4AA3-9604-AD44CBA1DBAE}.Debug|Any CPU.ActiveCfg = Debug|Any CPU
		{6A89166C-8B27-4AA3-9604-AD44CBA1DBAE}.Debug|Any CPU.Build.0 = Debug|Any CPU
		{6A89166C-8B27-4AA3-9604-AD44CBA1DBAE}.Release|Any CPU.ActiveCfg = Release|Any CPU
		{6A89166C-8B27-4AA3-9604-AD44CBA1DBAE}.Release|Any CPU.Build.0 = Release|Any CPU
	EndGlobalSection
	GlobalSection(SolutionProperties) = preSolution
		HideSolutionNode = FALSE
	EndGlobalSection
	GlobalSection(ExtensibilityGlobals) = postSolution
		SolutionGuid = {A7F29716-368B-4C3C-93C0-954F0ABB3327}
	EndGlobalSection
EndGlobal
