
Microsoft Visual Studio Solution File, Format Version 12.00
# Visual Studio Version 17
VisualStudioVersion = 17.10.35122.118
MinimumVisualStudioVersion = 10.0.40219.1
Project("{FAE04EC0-301F-11D3-BF4B-00C04F79EFBC}") = "FindWeather v112", "FindWeather v112\FindWeather v112.csproj", "{69CEE3EB-44E3-42BB-A47C-44536DE39246}"
EndProject
Global
	GlobalSection(SolutionConfigurationPlatforms) = preSolution
		Debug|Any CPU = Debug|Any CPU
		Release|Any CPU = Release|Any CPU
	EndGlobalSection
	GlobalSection(ProjectConfigurationPlatforms) = postSolution
		{69CEE3EB-44E3-42BB-A47C-44536DE39246}.Debug|Any CPU.ActiveCfg = Debug|Any CPU
		{69CEE3EB-44E3-42BB-A47C-44536DE39246}.Debug|Any CPU.Build.0 = Debug|Any CPU
		{69CEE3EB-44E3-42BB-A47C-44536DE39246}.Release|Any CPU.ActiveCfg = Release|Any CPU
		{69CEE3EB-44E3-42BB-A47C-44536DE39246}.Release|Any CPU.Build.0 = Release|Any CPU
	EndGlobalSection
	GlobalSection(SolutionProperties) = preSolution
		HideSolutionNode = FALSE
	EndGlobalSection
	GlobalSection(ExtensibilityGlobals) = postSolution
		SolutionGuid = {5661601B-496D-4ED5-B923-C9B3A17211D4}
	EndGlobalSection
EndGlobal
