
Microsoft Visual Studio Solution File, Format Version 12.00
# Visual Studio Version 17
VisualStudioVersion = 17.6.33712.159
MinimumVisualStudioVersion = 10.0.40219.1
Project("{FAE04EC0-301F-11D3-BF4B-00C04F79EFBC}") = "Text_Editor_Project", "Text_Editor_Project.csproj", "{24303F39-C474-495D-B8B6-0D647B0F4393}"
EndProject
Project("{FAE04EC0-301F-11D3-BF4B-00C04F79EFBC}") = "Text_Editor_Project_test", "..\Text_Editor_Project_test\Text_Editor_Project_test.csproj", "{8246079A-98D1-4020-A3F6-5CF057B0E082}"
EndProject
Global
	GlobalSection(SolutionConfigurationPlatforms) = preSolution
		Debug|Any CPU = Debug|Any CPU
		Release|Any CPU = Release|Any CPU
	EndGlobalSection
	GlobalSection(ProjectConfigurationPlatforms) = postSolution
		{24303F39-C474-495D-B8B6-0D647B0F4393}.Debug|Any CPU.ActiveCfg = Debug|Any CPU
		{24303F39-C474-495D-B8B6-0D647B0F4393}.Debug|Any CPU.Build.0 = Debug|Any CPU
		{24303F39-C474-495D-B8B6-0D647B0F4393}.Release|Any CPU.ActiveCfg = Release|Any CPU
		{24303F39-C474-495D-B8B6-0D647B0F4393}.Release|Any CPU.Build.0 = Release|Any CPU
		{8246079A-98D1-4020-A3F6-5CF057B0E082}.Debug|Any CPU.ActiveCfg = Debug|Any CPU
		{8246079A-98D1-4020-A3F6-5CF057B0E082}.Debug|Any CPU.Build.0 = Debug|Any CPU
		{8246079A-98D1-4020-A3F6-5CF057B0E082}.Release|Any CPU.ActiveCfg = Release|Any CPU
		{8246079A-98D1-4020-A3F6-5CF057B0E082}.Release|Any CPU.Build.0 = Release|Any CPU
	EndGlobalSection
	GlobalSection(SolutionProperties) = preSolution
		HideSolutionNode = FALSE
	EndGlobalSection
	GlobalSection(ExtensibilityGlobals) = postSolution
		SolutionGuid = {554C2743-4E09-4267-85D5-E3D546EA08BF}
	EndGlobalSection
EndGlobal
